// !$*UTF8*$!
{
	archiveVersion = 1;
	classes = {
	};
	objectVersion = 50;
	objects = {

/* Begin PBXBuildFile section */
		DDA5BF0F245349D000FB823D /* AppDelegate.swift in Sources */ = {isa = PBXBuildFile; fileRef = DDA5BF0E245349D000FB823D /* AppDelegate.swift */; };
		DDA5BF11245349D000FB823D /* SceneDelegate.swift in Sources */ = {isa = PBXBuildFile; fileRef = DDA5BF10245349D000FB823D /* SceneDelegate.swift */; };
		DDA5BF16245349D000FB823D /* Main.storyboard in Resources */ = {isa = PBXBuildFile; fileRef = DDA5BF14245349D000FB823D /* Main.storyboard */; };
		DDA5BF18245349D200FB823D /* Assets.xcassets in Resources */ = {isa = PBXBuildFile; fileRef = DDA5BF17245349D200FB823D /* Assets.xcassets */; };
		DDA5BF1B245349D200FB823D /* LaunchScreen.storyboard in Resources */ = {isa = PBXBuildFile; fileRef = DDA5BF19245349D200FB823D /* LaunchScreen.storyboard */; };
		DDA5BF2924534B5E00FB823D /* Movie.swift in Sources */ = {isa = PBXBuildFile; fileRef = DDA5BF2824534B5E00FB823D /* Movie.swift */; };
		DDA5BF2B24534BDF00FB823D /* MovieController.swift in Sources */ = {isa = PBXBuildFile; fileRef = DDA5BF2A24534BDF00FB823D /* MovieController.swift */; };
		DDA5BF2D24534EFD00FB823D /* MoviesTableViewController.swift in Sources */ = {isa = PBXBuildFile; fileRef = DDA5BF2C24534EFD00FB823D /* MoviesTableViewController.swift */; };
/* End PBXBuildFile section */

/* Begin PBXFileReference section */
		DDA5BF0B245349D000FB823D /* Movies.app */ = {isa = PBXFileReference; explicitFileType = wrapper.application; includeInIndex = 0; path = Movies.app; sourceTree = BUILT_PRODUCTS_DIR; };
		DDA5BF0E245349D000FB823D /* AppDelegate.swift */ = {isa = PBXFileReference; lastKnownFileType = sourcecode.swift; path = AppDelegate.swift; sourceTree = "<group>"; };
		DDA5BF10245349D000FB823D /* SceneDelegate.swift */ = {isa = PBXFileReference; lastKnownFileType = sourcecode.swift; path = SceneDelegate.swift; sourceTree = "<group>"; };
		DDA5BF15245349D000FB823D /* Base */ = {isa = PBXFileReference; lastKnownFileType = file.storyboard; name = Base; path = Base.lproj/Main.storyboard; sourceTree = "<group>"; };
		DDA5BF17245349D200FB823D /* Assets.xcassets */ = {isa = PBXFileReference; lastKnownFileType = folder.assetcatalog; path = Assets.xcassets; sourceTree = "<group>"; };
		DDA5BF1A245349D200FB823D /* Base */ = {isa = PBXFileReference; lastKnownFileType = file.storyboard; name = Base; path = Base.lproj/LaunchScreen.storyboard; sourceTree = "<group>"; };
		DDA5BF1C245349D200FB823D /* Info.plist */ = {isa = PBXFileReference; lastKnownFileType = text.plist.xml; path = Info.plist; sourceTree = "<group>"; };
		DDA5BF2824534B5E00FB823D /* Movie.swift */ = {isa = PBXFileReference; lastKnownFileType = sourcecode.swift; path = Movie.swift; sourceTree = "<group>"; };
		DDA5BF2A24534BDF00FB823D /* MovieController.swift */ = {isa = PBXFileReference; lastKnownFileType = sourcecode.swift; path = MovieController.swift; sourceTree = "<group>"; };
		DDA5BF2C24534EFD00FB823D /* MoviesTableViewController.swift */ = {isa = PBXFileReference; lastKnownFileType = sourcecode.swift; path = MoviesTableViewController.swift; sourceTree = "<group>"; };
/* End PBXFileReference section */

/* Begin PBXFrameworksBuildPhase section */
		DDA5BF08245349D000FB823D /* Frameworks */ = {
			isa = PBXFrameworksBuildPhase;
			buildActionMask = 2147483647;
			files = (
			);
			runOnlyForDeploymentPostprocessing = 0;
		};
/* End PBXFrameworksBuildPhase section */

/* Begin PBXGroup section */
		DDA5BF02245349D000FB823D = {
			isa = PBXGroup;
			children = (
				DDA5BF0D245349D000FB823D /* Movies */,
				DDA5BF0C245349D000FB823D /* Products */,
			);
			sourceTree = "<group>";
		};
		DDA5BF0C245349D000FB823D /* Products */ = {
			isa = PBXGroup;
			children = (
				DDA5BF0B245349D000FB823D /* Movies.app */,
			);
			name = Products;
			sourceTree = "<group>";
		};
		DDA5BF0D245349D000FB823D /* Movies */ = {
			isa = PBXGroup;
			children = (
				DDA5BF2724534B1600FB823D /* Views */,
				DDA5BF2624534B0D00FB823D /* Storyboard */,
				DDA5BF2524534B0000FB823D /* Model */,
				DDA5BF2424534AF700FB823D /* Model Controllers */,
				DDA5BF2324534AEF00FB823D /* View Controllers */,
				DDA5BF2224534AE900FB823D /* Resources */,
				DDA5BF17245349D200FB823D /* Assets.xcassets */,
			);
			path = Movies;
			sourceTree = "<group>";
		};
		DDA5BF2224534AE900FB823D /* Resources */ = {
			isa = PBXGroup;
			children = (
				DDA5BF1C245349D200FB823D /* Info.plist */,
				DDA5BF10245349D000FB823D /* SceneDelegate.swift */,
				DDA5BF0E245349D000FB823D /* AppDelegate.swift */,
			);
			path = Resources;
			sourceTree = "<group>";
		};
		DDA5BF2324534AEF00FB823D /* View Controllers */ = {
			isa = PBXGroup;
			children = (
				DDA5BF2C24534EFD00FB823D /* MoviesTableViewController.swift */,
			);
			path = "View Controllers";
			sourceTree = "<group>";
		};
		DDA5BF2424534AF700FB823D /* Model Controllers */ = {
			isa = PBXGroup;
			children = (
				DDA5BF2A24534BDF00FB823D /* MovieController.swift */,
			);
			path = "Model Controllers";
			sourceTree = "<group>";
		};
		DDA5BF2524534B0000FB823D /* Model */ = {
			isa = PBXGroup;
			children = (
				DDA5BF2824534B5E00FB823D /* Movie.swift */,
			);
			path = Model;
			sourceTree = "<group>";
		};
		DDA5BF2624534B0D00FB823D /* Storyboard */ = {
			isa = PBXGroup;
			children = (
				DDA5BF14245349D000FB823D /* Main.storyboard */,
				DDA5BF19245349D200FB823D /* LaunchScreen.storyboard */,
			);
			path = Storyboard;
			sourceTree = "<group>";
		};
		DDA5BF2724534B1600FB823D /* Views */ = {
			isa = PBXGroup;
			children = (
			);
			path = Views;
			sourceTree = "<group>";
		};
/* End PBXGroup section */

/* Begin PBXNativeTarget section */
		DDA5BF0A245349D000FB823D /* Movies */ = {
			isa = PBXNativeTarget;
			buildConfigurationList = DDA5BF1F245349D200FB823D /* Build configuration list for PBXNativeTarget "Movies" */;
			buildPhases = (
				DDA5BF07245349D000FB823D /* Sources */,
				DDA5BF08245349D000FB823D /* Frameworks */,
				DDA5BF09245349D000FB823D /* Resources */,
			);
			buildRules = (
			);
			dependencies = (
			);
			name = Movies;
			productName = Movies;
			productReference = DDA5BF0B245349D000FB823D /* Movies.app */;
			productType = "com.apple.product-type.application";
		};
/* End PBXNativeTarget section */

/* Begin PBXProject section */
		DDA5BF03245349D000FB823D /* Project object */ = {
			isa = PBXProject;
			attributes = {
				LastSwiftUpdateCheck = 1140;
				LastUpgradeCheck = 1140;
				ORGANIZATIONNAME = "brian vilchez";
				TargetAttributes = {
					DDA5BF0A245349D000FB823D = {
						CreatedOnToolsVersion = 11.4.1;
					};
				};
			};
			buildConfigurationList = DDA5BF06245349D000FB823D /* Build configuration list for PBXProject "Movies" */;
			compatibilityVersion = "Xcode 9.3";
			developmentRegion = en;
			hasScannedForEncodings = 0;
			knownRegions = (
				en,
				Base,
			);
			mainGroup = DDA5BF02245349D000FB823D;
			productRefGroup = DDA5BF0C245349D000FB823D /* Products */;
			projectDirPath = "";
			projectRoot = "";
			targets = (
				DDA5BF0A245349D000FB823D /* Movies */,
			);
		};
/* End PBXProject section */

/* Begin PBXResourcesBuildPhase section */
		DDA5BF09245349D000FB823D /* Resources */ = {
			isa = PBXResourcesBuildPhase;
			buildActionMask = 2147483647;
			files = (
				DDA5BF1B245349D200FB823D /* LaunchScreen.storyboard in Resources */,
				DDA5BF18245349D200FB823D /* Assets.xcassets in Resources */,
				DDA5BF16245349D000FB823D /* Main.storyboard in Resources */,
			);
			runOnlyForDeploymentPostprocessing = 0;
		};
/* End PBXResourcesBuildPhase section */

/* Begin PBXSourcesBuildPhase section */
		DDA5BF07245349D000FB823D /* Sources */ = {
			isa = PBXSourcesBuildPhase;
			buildActionMask = 2147483647;
			files = (
				DDA5BF2B24534BDF00FB823D /* MovieController.swift in Sources */,
				DDA5BF0F245349D000FB823D /* AppDelegate.swift in Sources */,
				DDA5BF11245349D000FB823D /* SceneDelegate.swift in Sources */,
				DDA5BF2D24534EFD00FB823D /* MoviesTableViewController.swift in Sources */,
				DDA5BF2924534B5E00FB823D /* Movie.swift in Sources */,
			);
			runOnlyForDeploymentPostprocessing = 0;
		};
/* End PBXSourcesBuildPhase section */

/* Begin PBXVariantGroup section */
		DDA5BF14245349D000FB823D /* Main.storyboard */ = {
			isa = PBXVariantGroup;
			children = (
				DDA5BF15245349D000FB823D /* Base */,
			);
			name = Main.storyboard;
			sourceTree = "<group>";
		};
		DDA5BF19245349D200FB823D /* LaunchScreen.storyboard */ = {
			isa = PBXVariantGroup;
			children = (
				DDA5BF1A245349D200FB823D /* Base */,
			);
			name = LaunchScreen.storyboard;
			sourceTree = "<group>";
		};
/* End PBXVariantGroup section */

/* Begin XCBuildConfiguration section */
		DDA5BF1D245349D200FB823D /* Debug */ = {
			isa = XCBuildConfiguration;
			buildSettings = {
				ALWAYS_SEARCH_USER_PATHS = NO;
				CLANG_ANALYZER_NONNULL = YES;
				CLANG_ANALYZER_NUMBER_OBJECT_CONVERSION = YES_AGGRESSIVE;
				CLANG_CXX_LANGUAGE_STANDARD = "gnu++14";
				CLANG_CXX_LIBRARY = "libc++";
				CLANG_ENABLE_MODULES = YES;
				CLANG_ENABLE_OBJC_ARC = YES;
				CLANG_ENABLE_OBJC_WEAK = YES;
				CLANG_WARN_BLOCK_CAPTURE_AUTORELEASING = YES;
				CLANG_WARN_BOOL_CONVERSION = YES;
				CLANG_WARN_COMMA = YES;
				CLANG_WARN_CONSTANT_CONVERSION = YES;
				CLANG_WARN_DEPRECATED_OBJC_IMPLEMENTATIONS = YES;
				CLANG_WARN_DIRECT_OBJC_ISA_USAGE = YES_ERROR;
				CLANG_WARN_DOCUMENTATION_COMMENTS = YES;
				CLANG_WARN_EMPTY_BODY = YES;
				CLANG_WARN_ENUM_CONVERSION = YES;
				CLANG_WARN_INFINITE_RECURSION = YES;
				CLANG_WARN_INT_CONVERSION = YES;
				CLANG_WARN_NON_LITERAL_NULL_CONVERSION = YES;
				CLANG_WARN_OBJC_IMPLICIT_RETAIN_SELF = YES;
				CLANG_WARN_OBJC_LITERAL_CONVERSION = YES;
				CLANG_WARN_OBJC_ROOT_CLASS = YES_ERROR;
				CLANG_WARN_RANGE_LOOP_ANALYSIS = YES;
				CLANG_WARN_STRICT_PROTOTYPES = YES;
				CLANG_WARN_SUSPICIOUS_MOVE = YES;
				CLANG_WARN_UNGUARDED_AVAILABILITY = YES_AGGRESSIVE;
				CLANG_WARN_UNREACHABLE_CODE = YES;
				CLANG_WARN__DUPLICATE_METHOD_MATCH = YES;
				COPY_PHASE_STRIP = NO;
				DEBUG_INFORMATION_FORMAT = dwarf;
				ENABLE_STRICT_OBJC_MSGSEND = YES;
				ENABLE_TESTABILITY = YES;
				GCC_C_LANGUAGE_STANDARD = gnu11;
				GCC_DYNAMIC_NO_PIC = NO;
				GCC_NO_COMMON_BLOCKS = YES;
				GCC_OPTIMIZATION_LEVEL = 0;
				GCC_PREPROCESSOR_DEFINITIONS = (
					"DEBUG=1",
					"$(inherited)",
				);
				GCC_WARN_64_TO_32_BIT_CONVERSION = YES;
				GCC_WARN_ABOUT_RETURN_TYPE = YES_ERROR;
				GCC_WARN_UNDECLARED_SELECTOR = YES;
				GCC_WARN_UNINITIALIZED_AUTOS = YES_AGGRESSIVE;
				GCC_WARN_UNUSED_FUNCTION = YES;
				GCC_WARN_UNUSED_VARIABLE = YES;
				IPHONEOS_DEPLOYMENT_TARGET = 13.4;
				MTL_ENABLE_DEBUG_INFO = INCLUDE_SOURCE;
				MTL_FAST_MATH = YES;
				ONLY_ACTIVE_ARCH = YES;
				SDKROOT = iphoneos;
				SWIFT_ACTIVE_COMPILATION_CONDITIONS = DEBUG;
				SWIFT_OPTIMIZATION_LEVEL = "-Onone";
			};
			name = Debug;
		};
		DDA5BF1E245349D200FB823D /* Release */ = {
			isa = XCBuildConfiguration;
			buildSettings = {
				ALWAYS_SEARCH_USER_PATHS = NO;
				CLANG_ANALYZER_NONNULL = YES;
				CLANG_ANALYZER_NUMBER_OBJECT_CONVERSION = YES_AGGRESSIVE;
				CLANG_CXX_LANGUAGE_STANDARD = "gnu++14";
				CLANG_CXX_LIBRARY = "libc++";
				CLANG_ENABLE_MODULES = YES;
				CLANG_ENABLE_OBJC_ARC = YES;
				CLANG_ENABLE_OBJC_WEAK = YES;
				CLANG_WARN_BLOCK_CAPTURE_AUTORELEASING = YES;
				CLANG_WARN_BOOL_CONVERSION = YES;
				CLANG_WARN_COMMA = YES;
				CLANG_WARN_CONSTANT_CONVERSION = YES;
				CLANG_WARN_DEPRECATED_OBJC_IMPLEMENTATIONS = YES;
				CLANG_WARN_DIRECT_OBJC_ISA_USAGE = YES_ERROR;
				CLANG_WARN_DOCUMENTATION_COMMENTS = YES;
				CLANG_WARN_EMPTY_BODY = YES;
				CLANG_WARN_ENUM_CONVERSION = YES;
				CLANG_WARN_INFINITE_RECURSION = YES;
				CLANG_WARN_INT_CONVERSION = YES;
				CLANG_WARN_NON_LITERAL_NULL_CONVERSION = YES;
				CLANG_WARN_OBJC_IMPLICIT_RETAIN_SELF = YES;
				CLANG_WARN_OBJC_LITERAL_CONVERSION = YES;
				CLANG_WARN_OBJC_ROOT_CLASS = YES_ERROR;
				CLANG_WARN_RANGE_LOOP_ANALYSIS = YES;
				CLANG_WARN_STRICT_PROTOTYPES = YES;
				CLANG_WARN_SUSPICIOUS_MOVE = YES;
				CLANG_WARN_UNGUARDED_AVAILABILITY = YES_AGGRESSIVE;
				CLANG_WARN_UNREACHABLE_CODE = YES;
				CLANG_WARN__DUPLICATE_METHOD_MATCH = YES;
				COPY_PHASE_STRIP = NO;
				DEBUG_INFORMATION_FORMAT = "dwarf-with-dsym";
				ENABLE_NS_ASSERTIONS = NO;
				ENABLE_STRICT_OBJC_MSGSEND = YES;
				GCC_C_LANGUAGE_STANDARD = gnu11;
				GCC_NO_COMMON_BLOCKS = YES;
				GCC_WARN_64_TO_32_BIT_CONVERSION = YES;
				GCC_WARN_ABOUT_RETURN_TYPE = YES_ERROR;
				GCC_WARN_UNDECLARED_SELECTOR = YES;
				GCC_WARN_UNINITIALIZED_AUTOS = YES_AGGRESSIVE;
				GCC_WARN_UNUSED_FUNCTION = YES;
				GCC_WARN_UNUSED_VARIABLE = YES;
				IPHONEOS_DEPLOYMENT_TARGET = 13.4;
				MTL_ENABLE_DEBUG_INFO = NO;
				MTL_FAST_MATH = YES;
				SDKROOT = iphoneos;
				SWIFT_COMPILATION_MODE = wholemodule;
				SWIFT_OPTIMIZATION_LEVEL = "-O";
				VALIDATE_PRODUCT = YES;
			};
			name = Release;
		};
		DDA5BF20245349D200FB823D /* Debug */ = {
			isa = XCBuildConfiguration;
			buildSettings = {
				ASSETCATALOG_COMPILER_APPICON_NAME = AppIcon;
				CODE_SIGN_STYLE = Automatic;
				DEVELOPMENT_TEAM = HG3WUJ8982;
				INFOPLIST_FILE = Movies/Resources/Info.plist;
				LD_RUNPATH_SEARCH_PATHS = (
					"$(inherited)",
					"@executable_path/Frameworks",
				);
				PRODUCT_BUNDLE_IDENTIFIER = com.brianVilchez.Movies;
				PRODUCT_NAME = "$(TARGET_NAME)";
				SWIFT_VERSION = 5.0;
				TARGETED_DEVICE_FAMILY = "1,2";
			};
			name = Debug;
		};
		DDA5BF21245349D200FB823D /* Release */ = {
			isa = XCBuildConfiguration;
			buildSettings = {
				ASSETCATALOG_COMPILER_APPICON_NAME = AppIcon;
				CODE_SIGN_STYLE = Automatic;
				DEVELOPMENT_TEAM = HG3WUJ8982;
				INFOPLIST_FILE = Movies/Resources/Info.plist;
				LD_RUNPATH_SEARCH_PATHS = (
					"$(inherited)",
					"@executable_path/Frameworks",
				);
				PRODUCT_BUNDLE_IDENTIFIER = com.brianVilchez.Movies;
				PRODUCT_NAME = "$(TARGET_NAME)";
				SWIFT_VERSION = 5.0;
				TARGETED_DEVICE_FAMILY = "1,2";
			};
			name = Release;
		};
/* End XCBuildConfiguration section */

/* Begin XCConfigurationList section */
		DDA5BF06245349D000FB823D /* Build configuration list for PBXProject "Movies" */ = {
			isa = XCConfigurationList;
			buildConfigurations = (
				DDA5BF1D245349D200FB823D /* Debug */,
				DDA5BF1E245349D200FB823D /* Release */,
			);
			defaultConfigurationIsVisible = 0;
			defaultConfigurationName = Release;
		};
		DDA5BF1F245349D200FB823D /* Build configuration list for PBXNativeTarget "Movies" */ = {
			isa = XCConfigurationList;
			buildConfigurations = (
				DDA5BF20245349D200FB823D /* Debug */,
				DDA5BF21245349D200FB823D /* Release */,
			);
			defaultConfigurationIsVisible = 0;
			defaultConfigurationName = Release;
		};
/* End XCConfigurationList section */
	};
	rootObject = DDA5BF03245349D000FB823D /* Project object */;
}
